
Microsoft Visual Studio Solution File, Format Version 12.00
# Visual Studio Version 17
VisualStudioVersion = 17.3.32922.545
MinimumVisualStudioVersion = 10.0.40219.1
Project("{FAE04EC0-301F-11D3-BF4B-00C04F79EFBC}") = "PrimerProyecto", "PrimerProyecto\PrimerProyecto.csproj", "{3579F8E6-8030-494C-806C-20A89942345C}"
EndProject
Project("{FAE04EC0-301F-11D3-BF4B-00C04F79EFBC}") = "Proyecto2", "Proyecto2\Proyecto2.csproj", "{424E557D-5181-4D1D-8EEC-C2C6E98BB38B}"
EndProject
Global
	GlobalSection(SolutionConfigurationPlatforms) = preSolution
		Debug|Any CPU = Debug|Any CPU
		Release|Any CPU = Release|Any CPU
	EndGlobalSection
	GlobalSection(ProjectConfigurationPlatforms) = postSolution
		{3579F8E6-8030-494C-806C-20A89942345C}.Debug|Any CPU.ActiveCfg = Debug|Any CPU
		{3579F8E6-8030-494C-806C-20A89942345C}.Debug|Any CPU.Build.0 = Debug|Any CPU
		{3579F8E6-8030-494C-806C-20A89942345C}.Release|Any CPU.ActiveCfg = Release|Any CPU
		{3579F8E6-8030-494C-806C-20A89942345C}.Release|Any CPU.Build.0 = Release|Any CPU
		{424E557D-5181-4D1D-8EEC-C2C6E98BB38B}.Debug|Any CPU.ActiveCfg = Debug|Any CPU
		{424E557D-5181-4D1D-8EEC-C2C6E98BB38B}.Debug|Any CPU.Build.0 = Debug|Any CPU
		{424E557D-5181-4D1D-8EEC-C2C6E98BB38B}.Release|Any CPU.ActiveCfg = Release|Any CPU
		{424E557D-5181-4D1D-8EEC-C2C6E98BB38B}.Release|Any CPU.Build.0 = Release|Any CPU
	EndGlobalSection
	GlobalSection(SolutionProperties) = preSolution
		HideSolutionNode = FALSE
	EndGlobalSection
	GlobalSection(ExtensibilityGlobals) = postSolution
		SolutionGuid = {743FFE78-580A-4333-A68A-11A70AF6BC34}
	EndGlobalSection
EndGlobal
